<?xml version="1.0" encoding="utf-8"?>
<Project ToolsVersion="4.0" xmlns="http://schemas.microsoft.com/developer/msbuild/2003">
  <ItemGroup>
    <Filter Include="Ui">
      <UniqueIdentifier>{91be1871-7df8-4faa-ac6b-ee872b172473}</UniqueIdentifier>
    </Filter>
    <Filter Include="Sys">
      <UniqueIdentifier>{68df7f8d-3385-47ea-8cf5-e24a258e260d}</UniqueIdentifier>
    </Filter>
    <Filter Include="Sys\Win32">
      <UniqueIdentifier>{a18a4e2c-49e1-4f2f-973e-014fb04b5f37}</UniqueIdentifier>
    </Filter>
    <Filter Include="SWF">
      <UniqueIdentifier>{8b28e28a-3b75-4752-b02b-49eb98528da2}</UniqueIdentifier>
    </Filter>
    <Filter Include="Sound">
      <UniqueIdentifier>{75ecf798-225f-4008-8ef3-bef613a3a6a5}</UniqueIdentifier>
    </Filter>
    <Filter Include="Sound\XAudio2">
      <UniqueIdentifier>{29ed427d-5891-4883-a093-ea03db376e5f}</UniqueIdentifier>
    </Filter>
    <Filter Include="Renderer">
      <UniqueIdentifier>{5c2294a1-be44-4abc-9d97-3f3fdff10082}</UniqueIdentifier>
    </Filter>
    <Filter Include="Renderer\DXT">
      <UniqueIdentifier>{15b4a99f-0739-48df-899d-9604c4c95b7d}</UniqueIdentifier>
    </Filter>
    <Filter Include="Renderer\Color">
      <UniqueIdentifier>{6d56f7af-84c3-4ac3-a218-c78583e594ca}</UniqueIdentifier>
    </Filter>
    <Filter Include="Renderer\Jobs">
      <UniqueIdentifier>{e01ddd77-9e2c-40f4-82eb-1117d7124421}</UniqueIdentifier>
    </Filter>
    <Filter Include="Renderer\Jobs\DynamicShadowVolume">
      <UniqueIdentifier>{590242c0-51b2-41fa-bda2-323cf323d983}</UniqueIdentifier>
    </Filter>
    <Filter Include="Renderer\Jobs\StaticShadowVolume">
      <UniqueIdentifier>{6c0c2cb8-e0d2-4d17-86d8-e5104b6bd9ad}</UniqueIdentifier>
    </Filter>
    <Filter Include="Renderer\Jobs\PreLightShadowVolume">
      <UniqueIdentifier>{70d34ed5-fddd-4c9b-8ba7-935b97cdb928}</UniqueIdentifier>
    </Filter>
    <Filter Include="Framework">
      <UniqueIdentifier>{ed3d257f-6a4f-41b4-b0b2-1262caf73f68}</UniqueIdentifier>
    </Filter>
    <Filter Include="Framework\Decls">
      <UniqueIdentifier>{1239466d-cf9a-448d-911b-86bc211c78c1}</UniqueIdentifier>
    </Filter>
    <Filter Include="CM">
      <UniqueIdentifier>{828010b0-b99f-4a7a-81cf-e330ae170832}</UniqueIdentifier>
    </Filter>
    <Filter Include="AAS">
      <UniqueIdentifier>{f21da8c5-1429-459e-a3d1-62c80b9812de}</UniqueIdentifier>
    </Filter>
    <Filter Include="Renderer\Vulkan">
      <UniqueIdentifier>{23bc9dc4-7f57-4b5a-8d1c-aab407996b2f}</UniqueIdentifier>
    </Filter>
  </ItemGroup>
  <ItemGroup>
    <ClCompile Include="ui\BindWindow.cpp">
      <Filter>Ui</Filter>
    </ClCompile>
    <ClCompile Include="ui\ChoiceWindow.cpp">
      <Filter>Ui</Filter>
    </ClCompile>
    <ClCompile Include="ui\DeviceContext.cpp">
      <Filter>Ui</Filter>
    </ClCompile>
    <ClCompile Include="ui\EditWindow.cpp">
      <Filter>Ui</Filter>
    </ClCompile>
    <ClCompile Include="ui\FieldWindow.cpp">
      <Filter>Ui</Filter>
    </ClCompile>
    <ClCompile Include="ui\GameBearShootWindow.cpp">
      <Filter>Ui</Filter>
    </ClCompile>
    <ClCompile Include="ui\GameBustOutWindow.cpp">
      <Filter>Ui</Filter>
    </ClCompile>
    <ClCompile Include="ui\GameSSDWindow.cpp">
      <Filter>Ui</Filter>
    </ClCompile>
    <ClCompile Include="ui\GuiScript.cpp">
      <Filter>Ui</Filter>
    </ClCompile>
    <ClCompile Include="ui\ListGUI.cpp">
      <Filter>Ui</Filter>
    </ClCompile>
    <ClCompile Include="ui\ListWindow.cpp">
      <Filter>Ui</Filter>
    </ClCompile>
    <ClCompile Include="ui\RegExp.cpp">
      <Filter>Ui</Filter>
    </ClCompile>
    <ClCompile Include="ui\RenderWindow.cpp">
      <Filter>Ui</Filter>
    </ClCompile>
    <ClCompile Include="ui\SimpleWindow.cpp">
      <Filter>Ui</Filter>
    </ClCompile>
    <ClCompile Include="ui\SliderWindow.cpp">
      <Filter>Ui</Filter>
    </ClCompile>
    <ClCompile Include="ui\UserInterface.cpp">
      <Filter>Ui</Filter>
    </ClCompile>
    <ClCompile Include="ui\Window.cpp">
      <Filter>Ui</Filter>
    </ClCompile>
    <ClCompile Include="ui\Winvar.cpp">
      <Filter>Ui</Filter>
    </ClCompile>
    <ClCompile Include="sys\LightweightCompression.cpp">
      <Filter>Sys</Filter>
    </ClCompile>
    <ClCompile Include="sys\PacketProcessor.cpp">
      <Filter>Sys</Filter>
    </ClCompile>
    <ClCompile Include="sys\Snapshot.cpp">
      <Filter>Sys</Filter>
    </ClCompile>
    <ClCompile Include="sys\SnapshotProcessor.cpp">
      <Filter>Sys</Filter>
    </ClCompile>
    <ClCompile Include="sys\Snapshot_Jobs.cpp">
      <Filter>Sys</Filter>
    </ClCompile>
    <ClCompile Include="sys\sys_achievements.cpp">
      <Filter>Sys</Filter>
    </ClCompile>
    <ClCompile Include="sys\sys_dedicated_server_search.cpp">
      <Filter>Sys</Filter>
    </ClCompile>
    <ClCompile Include="sys\sys_lobby.cpp">
      <Filter>Sys</Filter>
    </ClCompile>
    <ClCompile Include="sys\sys_lobby_backend_direct.cpp">
      <Filter>Sys</Filter>
    </ClCompile>
    <ClCompile Include="sys\sys_lobby_migrate.cpp">
      <Filter>Sys</Filter>
    </ClCompile>
    <ClCompile Include="sys\sys_lobby_snapshot.cpp">
      <Filter>Sys</Filter>
    </ClCompile>
    <ClCompile Include="sys\sys_lobby_users.cpp">
      <Filter>Sys</Filter>
    </ClCompile>
    <ClCompile Include="sys\sys_local.cpp">
      <Filter>Sys</Filter>
    </ClCompile>
    <ClCompile Include="sys\sys_localuser.cpp">
      <Filter>Sys</Filter>
    </ClCompile>
    <ClCompile Include="sys\sys_profile.cpp">
      <Filter>Sys</Filter>
    </ClCompile>
    <ClCompile Include="sys\sys_savegame.cpp">
      <Filter>Sys</Filter>
    </ClCompile>
    <ClCompile Include="sys\sys_session_callbacks.cpp">
      <Filter>Sys</Filter>
    </ClCompile>
    <ClCompile Include="sys\sys_session_local.cpp">
      <Filter>Sys</Filter>
    </ClCompile>
    <ClCompile Include="sys\sys_session_savegames.cpp">
      <Filter>Sys</Filter>
    </ClCompile>
    <ClCompile Include="sys\sys_signin.cpp">
      <Filter>Sys</Filter>
    </ClCompile>
    <ClCompile Include="sys\sys_voicechat.cpp">
      <Filter>Sys</Filter>
    </ClCompile>
    <ClCompile Include="sys\win32\win_achievements.cpp">
      <Filter>Sys\Win32</Filter>
    </ClCompile>
    <ClCompile Include="sys\win32\win_cpu.cpp">
      <Filter>Sys\Win32</Filter>
    </ClCompile>
    <ClCompile Include="sys\win32\win_input.cpp">
      <Filter>Sys\Win32</Filter>
    </ClCompile>
    <ClCompile Include="sys\win32\win_localuser.cpp">
      <Filter>Sys\Win32</Filter>
    </ClCompile>
    <ClCompile Include="sys\win32\win_net.cpp">
      <Filter>Sys\Win32</Filter>
    </ClCompile>
    <ClCompile Include="sys\win32\win_savegame.cpp">
      <Filter>Sys\Win32</Filter>
    </ClCompile>
    <ClCompile Include="sys\win32\win_session_local.cpp">
      <Filter>Sys\Win32</Filter>
    </ClCompile>
    <ClCompile Include="sys\win32\win_shared.cpp">
      <Filter>Sys\Win32</Filter>
    </ClCompile>
    <ClCompile Include="sys\win32\win_signin.cpp">
      <Filter>Sys\Win32</Filter>
    </ClCompile>
    <ClCompile Include="sys\win32\win_snd.cpp">
      <Filter>Sys\Win32</Filter>
    </ClCompile>
    <ClCompile Include="sys\win32\win_syscon.cpp">
      <Filter>Sys\Win32</Filter>
    </ClCompile>
    <ClCompile Include="sys\win32\win_wndproc.cpp">
      <Filter>Sys\Win32</Filter>
    </ClCompile>
    <ClCompile Include="swf\SWF_Bitstream.cpp">
      <Filter>SWF</Filter>
    </ClCompile>
    <ClCompile Include="swf\SWF_Dictionary.cpp">
      <Filter>SWF</Filter>
    </ClCompile>
    <ClCompile Include="swf\SWF_Events.cpp">
      <Filter>SWF</Filter>
    </ClCompile>
    <ClCompile Include="swf\SWF_Image.cpp">
      <Filter>SWF</Filter>
    </ClCompile>
    <ClCompile Include="swf\SWF_Load.cpp">
      <Filter>SWF</Filter>
    </ClCompile>
    <ClCompile Include="swf\SWF_Main.cpp">
      <Filter>SWF</Filter>
    </ClCompile>
    <ClCompile Include="swf\SWF_Names.cpp">
      <Filter>SWF</Filter>
    </ClCompile>
    <ClCompile Include="swf\SWF_ParmList.cpp">
      <Filter>SWF</Filter>
    </ClCompile>
    <ClCompile Include="swf\SWF_PlaceObject.cpp">
      <Filter>SWF</Filter>
    </ClCompile>
    <ClCompile Include="swf\SWF_Render.cpp">
      <Filter>SWF</Filter>
    </ClCompile>
    <ClCompile Include="swf\SWF_ScriptFunction.cpp">
      <Filter>SWF</Filter>
    </ClCompile>
    <ClCompile Include="swf\SWF_ScriptObject.cpp">
      <Filter>SWF</Filter>
    </ClCompile>
    <ClCompile Include="swf\SWF_ScriptVar.cpp">
      <Filter>SWF</Filter>
    </ClCompile>
    <ClCompile Include="swf\SWF_ShapeParser.cpp">
      <Filter>SWF</Filter>
    </ClCompile>
    <ClCompile Include="swf\SWF_Shapes.cpp">
      <Filter>SWF</Filter>
    </ClCompile>
    <ClCompile Include="swf\SWF_Sounds.cpp">
      <Filter>SWF</Filter>
    </ClCompile>
    <ClCompile Include="swf\SWF_SpriteInstance.cpp">
      <Filter>SWF</Filter>
    </ClCompile>
    <ClCompile Include="swf\SWF_Sprites.cpp">
      <Filter>SWF</Filter>
    </ClCompile>
    <ClCompile Include="swf\SWF_Text.cpp">
      <Filter>SWF</Filter>
    </ClCompile>
    <ClCompile Include="swf\SWF_TextInstance.cpp">
      <Filter>SWF</Filter>
    </ClCompile>
    <ClCompile Include="swf\SWF_Zlib.cpp">
      <Filter>SWF</Filter>
    </ClCompile>
    <ClCompile Include="sound\snd_emitter.cpp">
      <Filter>Sound</Filter>
    </ClCompile>
    <ClCompile Include="sound\snd_shader.cpp">
      <Filter>Sound</Filter>
    </ClCompile>
    <ClCompile Include="sound\snd_system.cpp">
      <Filter>Sound</Filter>
    </ClCompile>
    <ClCompile Include="sound\snd_world.cpp">
      <Filter>Sound</Filter>
    </ClCompile>
    <ClCompile Include="sound\SoundVoice.cpp">
      <Filter>Sound</Filter>
    </ClCompile>
    <ClCompile Include="sound\WaveFile.cpp">
      <Filter>Sound</Filter>
    </ClCompile>
    <ClCompile Include="sound\XAudio2\XA2_SoundHardware.cpp">
      <Filter>Sound\XAudio2</Filter>
    </ClCompile>
    <ClCompile Include="sound\XAudio2\XA2_SoundSample.cpp">
      <Filter>Sound\XAudio2</Filter>
    </ClCompile>
    <ClCompile Include="sound\XAudio2\XA2_SoundVoice.cpp">
      <Filter>Sound\XAudio2</Filter>
    </ClCompile>
    <ClCompile Include="renderer\BinaryImage.cpp">
      <Filter>Renderer</Filter>
    </ClCompile>
    <ClCompile Include="renderer\Cinematic.cpp">
      <Filter>Renderer</Filter>
    </ClCompile>
    <ClCompile Include="renderer\Font.cpp">
      <Filter>Renderer</Filter>
    </ClCompile>
    <ClCompile Include="renderer\GLMatrix.cpp">
      <Filter>Renderer</Filter>
    </ClCompile>
    <ClCompile Include="renderer\GuiModel.cpp">
      <Filter>Renderer</Filter>
    </ClCompile>
    <ClCompile Include="renderer\Image_files.cpp">
      <Filter>Renderer</Filter>
    </ClCompile>
    <ClCompile Include="renderer\ImageManager.cpp">
      <Filter>Renderer</Filter>
    </ClCompile>
    <ClCompile Include="renderer\Image_intrinsic.cpp">
      <Filter>Renderer</Filter>
    </ClCompile>
    <ClCompile Include="renderer\Image_load.cpp">
      <Filter>Renderer</Filter>
    </ClCompile>
    <ClCompile Include="renderer\Image_process.cpp">
      <Filter>Renderer</Filter>
    </ClCompile>
    <ClCompile Include="renderer\Image_program.cpp">
      <Filter>Renderer</Filter>
    </ClCompile>
    <ClCompile Include="renderer\Interaction.cpp">
      <Filter>Renderer</Filter>
    </ClCompile>
    <ClCompile Include="renderer\Material.cpp">
      <Filter>Renderer</Filter>
    </ClCompile>
    <ClCompile Include="renderer\Model.cpp">
      <Filter>Renderer</Filter>
    </ClCompile>
    <ClCompile Include="renderer\Model_ase.cpp">
      <Filter>Renderer</Filter>
    </ClCompile>
    <ClCompile Include="renderer\Model_beam.cpp">
      <Filter>Renderer</Filter>
    </ClCompile>
    <ClCompile Include="renderer\Model_liquid.cpp">
      <Filter>Renderer</Filter>
    </ClCompile>
    <ClCompile Include="renderer\Model_lwo.cpp">
      <Filter>Renderer</Filter>
    </ClCompile>
    <ClCompile Include="renderer\Model_ma.cpp">
      <Filter>Renderer</Filter>
    </ClCompile>
    <ClCompile Include="renderer\Model_md3.cpp">
      <Filter>Renderer</Filter>
    </ClCompile>
    <ClCompile Include="renderer\Model_md5.cpp">
      <Filter>Renderer</Filter>
    </ClCompile>
    <ClCompile Include="renderer\Model_prt.cpp">
      <Filter>Renderer</Filter>
    </ClCompile>
    <ClCompile Include="renderer\Model_sprite.cpp">
      <Filter>Renderer</Filter>
    </ClCompile>
    <ClCompile Include="renderer\ModelDecal.cpp">
      <Filter>Renderer</Filter>
    </ClCompile>
    <ClCompile Include="renderer\ModelManager.cpp">
      <Filter>Renderer</Filter>
    </ClCompile>
    <ClCompile Include="renderer\ModelOverlay.cpp">
      <Filter>Renderer</Filter>
    </ClCompile>
    <ClCompile Include="renderer\RenderWorld_defs.cpp">
      <Filter>Renderer</Filter>
    </ClCompile>
    <ClCompile Include="renderer\ResolutionScale.cpp">
      <Filter>Renderer</Filter>
    </ClCompile>
    <ClCompile Include="renderer\RenderEntity.cpp">
      <Filter>Renderer</Filter>
    </ClCompile>
    <ClCompile Include="renderer\RenderLog.cpp">
      <Filter>Renderer</Filter>
    </ClCompile>
    <ClCompile Include="renderer\RenderSystem.cpp">
      <Filter>Renderer</Filter>
    </ClCompile>
    <ClCompile Include="renderer\RenderWorld.cpp">
      <Filter>Renderer</Filter>
    </ClCompile>
    <ClCompile Include="renderer\RenderWorld_load.cpp">
      <Filter>Renderer</Filter>
    </ClCompile>
    <ClCompile Include="renderer\RenderWorld_portals.cpp">
      <Filter>Renderer</Filter>
    </ClCompile>
    <ClCompile Include="renderer\ScreenRect.cpp">
      <Filter>Renderer</Filter>
    </ClCompile>
    <ClCompile Include="renderer\tr_frontend_addlights.cpp">
      <Filter>Renderer</Filter>
    </ClCompile>
    <ClCompile Include="renderer\tr_frontend_addmodels.cpp">
      <Filter>Renderer</Filter>
    </ClCompile>
    <ClCompile Include="renderer\tr_frontend_deform.cpp">
      <Filter>Renderer</Filter>
    </ClCompile>
    <ClCompile Include="renderer\tr_frontend_guisurf.cpp">
      <Filter>Renderer</Filter>
    </ClCompile>
    <ClCompile Include="renderer\tr_frontend_main.cpp">
      <Filter>Renderer</Filter>
    </ClCompile>
    <ClCompile Include="renderer\tr_frontend_subview.cpp">
      <Filter>Renderer</Filter>
    </ClCompile>
    <ClCompile Include="renderer\tr_trace.cpp">
      <Filter>Renderer</Filter>
    </ClCompile>
    <ClCompile Include="renderer\tr_trisurf.cpp">
      <Filter>Renderer</Filter>
    </ClCompile>
    <ClCompile Include="renderer\VertexCache.cpp">
      <Filter>Renderer</Filter>
    </ClCompile>
    <ClCompile Include="renderer\DXT\DXTDecoder.cpp">
      <Filter>Renderer\DXT</Filter>
    </ClCompile>
    <ClCompile Include="renderer\DXT\DXTEncoder.cpp">
      <Filter>Renderer\DXT</Filter>
    </ClCompile>
    <ClCompile Include="renderer\DXT\DXTEncoder_SSE2.cpp">
      <Filter>Renderer\DXT</Filter>
    </ClCompile>
    <ClCompile Include="renderer\Color\ColorSpace.cpp">
      <Filter>Renderer\Color</Filter>
    </ClCompile>
    <ClCompile Include="renderer\jobs\ShadowShared.cpp">
      <Filter>Renderer\Jobs</Filter>
    </ClCompile>
    <ClCompile Include="renderer\jobs\dynamicshadowvolume\DynamicShadowVolume.cpp">
      <Filter>Renderer\Jobs\DynamicShadowVolume</Filter>
    </ClCompile>
    <ClCompile Include="renderer\jobs\staticshadowvolume\StaticShadowVolume.cpp">
      <Filter>Renderer\Jobs\StaticShadowVolume</Filter>
    </ClCompile>
    <ClCompile Include="renderer\jobs\prelightshadowvolume\PreLightShadowVolume.cpp">
      <Filter>Renderer\Jobs\PreLightShadowVolume</Filter>
    </ClCompile>
    <ClCompile Include="framework\Common.cpp">
      <Filter>Framework</Filter>
    </ClCompile>
    <ClCompile Include="framework\Common_dialog.cpp">
      <Filter>Framework</Filter>
    </ClCompile>
    <ClCompile Include="framework\common_frame.cpp">
      <Filter>Framework</Filter>
    </ClCompile>
    <ClCompile Include="framework\Common_localize.cpp">
      <Filter>Framework</Filter>
    </ClCompile>
    <ClCompile Include="framework\Common_menu.cpp">
      <Filter>Framework</Filter>
    </ClCompile>
    <ClCompile Include="framework\Common_network.cpp">
      <Filter>Framework</Filter>
    </ClCompile>
    <ClCompile Include="framework\Common_printf.cpp">
      <Filter>Framework</Filter>
    </ClCompile>
    <ClCompile Include="framework\Common_load.cpp">
      <Filter>Framework</Filter>
    </ClCompile>
    <ClCompile Include="framework\Compressor.cpp">
      <Filter>Framework</Filter>
    </ClCompile>
    <ClCompile Include="framework\Console.cpp">
      <Filter>Framework</Filter>
    </ClCompile>
    <ClCompile Include="framework\ConsoleHistory.cpp">
      <Filter>Framework</Filter>
    </ClCompile>
    <ClCompile Include="framework\DebugGraph.cpp">
      <Filter>Framework</Filter>
    </ClCompile>
    <ClCompile Include="framework\EditField.cpp">
      <Filter>Framework</Filter>
    </ClCompile>
    <ClCompile Include="framework\EventLoop.cpp">
      <Filter>Framework</Filter>
    </ClCompile>
    <ClCompile Include="framework\FileSystem.cpp">
      <Filter>Framework</Filter>
    </ClCompile>
    <ClCompile Include="framework\File_Manifest.cpp">
      <Filter>Framework</Filter>
    </ClCompile>
    <ClCompile Include="framework\File_Resource.cpp">
      <Filter>Framework</Filter>
    </ClCompile>
    <ClCompile Include="framework\File_SaveGame.cpp">
      <Filter>Framework</Filter>
    </ClCompile>
    <ClCompile Include="framework\KeyInput.cpp">
      <Filter>Framework</Filter>
    </ClCompile>
    <ClCompile Include="framework\PlayerProfile.cpp">
      <Filter>Framework</Filter>
    </ClCompile>
    <ClCompile Include="framework\precompiled.cpp">
      <Filter>Framework</Filter>
    </ClCompile>
    <ClCompile Include="framework\TokenParser.cpp">
      <Filter>Framework</Filter>
    </ClCompile>
    <ClCompile Include="framework\UsercmdGen.cpp">
      <Filter>Framework</Filter>
    </ClCompile>
    <ClCompile Include="framework\DeclAF.cpp">
      <Filter>Framework\Decls</Filter>
    </ClCompile>
    <ClCompile Include="framework\DeclEntityDef.cpp">
      <Filter>Framework\Decls</Filter>
    </ClCompile>
    <ClCompile Include="framework\DeclFX.cpp">
      <Filter>Framework\Decls</Filter>
    </ClCompile>
    <ClCompile Include="framework\DeclManager.cpp">
      <Filter>Framework\Decls</Filter>
    </ClCompile>
    <ClCompile Include="framework\DeclParticle.cpp">
      <Filter>Framework\Decls</Filter>
    </ClCompile>
    <ClCompile Include="framework\DeclPDA.cpp">
      <Filter>Framework\Decls</Filter>
    </ClCompile>
    <ClCompile Include="framework\DeclSkin.cpp">
      <Filter>Framework\Decls</Filter>
    </ClCompile>
    <ClCompile Include="framework\DeclTable.cpp">
      <Filter>Framework\Decls</Filter>
    </ClCompile>
    <ClCompile Include="cm\CollisionModel_contacts.cpp">
      <Filter>CM</Filter>
    </ClCompile>
    <ClCompile Include="cm\CollisionModel_contents.cpp">
      <Filter>CM</Filter>
    </ClCompile>
    <ClCompile Include="cm\CollisionModel_debug.cpp">
      <Filter>CM</Filter>
    </ClCompile>
    <ClCompile Include="cm\CollisionModel_files.cpp">
      <Filter>CM</Filter>
    </ClCompile>
    <ClCompile Include="cm\CollisionModel_load.cpp">
      <Filter>CM</Filter>
    </ClCompile>
    <ClCompile Include="cm\CollisionModel_rotate.cpp">
      <Filter>CM</Filter>
    </ClCompile>
    <ClCompile Include="cm\CollisionModel_trace.cpp">
      <Filter>CM</Filter>
    </ClCompile>
    <ClCompile Include="cm\CollisionModel_translate.cpp">
      <Filter>CM</Filter>
    </ClCompile>
    <ClCompile Include="aas\AASFile.cpp">
      <Filter>AAS</Filter>
    </ClCompile>
    <ClCompile Include="aas\AASFileManager.cpp">
      <Filter>AAS</Filter>
    </ClCompile>
    <ClCompile Include="aas\AASFile_optimize.cpp">
      <Filter>AAS</Filter>
    </ClCompile>
    <ClCompile Include="aas\AASFile_sample.cpp">
      <Filter>AAS</Filter>
    </ClCompile>
    <ClCompile Include="renderer\RenderBackend.cpp">
      <Filter>Renderer</Filter>
    </ClCompile>
    <ClCompile Include="renderer\Vulkan\RenderBackend_VK.cpp">
      <Filter>Renderer\Vulkan</Filter>
    </ClCompile>
    <ClCompile Include="renderer\Vulkan\BufferObject_VK.cpp">
      <Filter>Renderer\Vulkan</Filter>
    </ClCompile>
    <ClCompile Include="renderer\BufferObject.cpp">
      <Filter>Renderer</Filter>
    </ClCompile>
    <ClCompile Include="renderer\Vulkan\RenderProgs_VK.cpp">
      <Filter>Renderer\Vulkan</Filter>
    </ClCompile>
    <ClCompile Include="renderer\Vulkan\RenderDebug_VK.cpp">
      <Filter>Renderer\Vulkan</Filter>
    </ClCompile>
    <ClCompile Include="renderer\RenderDebug.cpp">
      <Filter>Renderer</Filter>
    </ClCompile>
    <ClCompile Include="renderer\Vulkan\Image_VK.cpp">
      <Filter>Renderer\Vulkan</Filter>
    </ClCompile>
    <ClCompile Include="renderer\RenderProgs.cpp">
      <Filter>Renderer</Filter>
    </ClCompile>
    <ClCompile Include="renderer\Vulkan\Allocator_VK.cpp">
      <Filter>Renderer\Vulkan</Filter>
    </ClCompile>
    <ClCompile Include="renderer\Vulkan\Staging_VK.cpp">
      <Filter>Renderer\Vulkan</Filter>
    </ClCompile>
    <ClCompile Include="renderer\Vulkan\vma.cpp">
      <Filter>Renderer\Vulkan</Filter>
    </ClCompile>
    <ClCompile Include="framework\File.cpp">
      <Filter>Framework</Filter>
    </ClCompile>
    <ClCompile Include="framework\Unzip.cpp">
      <Filter>Framework</Filter>
    </ClCompile>
    <ClCompile Include="framework\Zip.cpp">
      <Filter>Framework</Filter>
    </ClCompile>
    <ClCompile Include="framework\CmdSystem.cpp">
      <Filter>Framework</Filter>
    </ClCompile>
    <ClCompile Include="framework\CVarSystem.cpp">
      <Filter>Framework</Filter>
    </ClCompile>
    <ClCompile Include="renderer\RenderContext.cpp">
      <Filter>Renderer</Filter>
    </ClCompile>
  </ItemGroup>
  <ItemGroup>
    <ClInclude Include="ui\BindWindow.h">
      <Filter>Ui</Filter>
    </ClInclude>
    <ClInclude Include="ui\ChoiceWindow.h">
      <Filter>Ui</Filter>
    </ClInclude>
    <ClInclude Include="ui\DeviceContext.h">
      <Filter>Ui</Filter>
    </ClInclude>
    <ClInclude Include="ui\EditWindow.h">
      <Filter>Ui</Filter>
    </ClInclude>
    <ClInclude Include="ui\FieldWindow.h">
      <Filter>Ui</Filter>
    </ClInclude>
    <ClInclude Include="ui\GameBearShootWindow.h">
      <Filter>Ui</Filter>
    </ClInclude>
    <ClInclude Include="ui\GameBustOutWindow.h">
      <Filter>Ui</Filter>
    </ClInclude>
    <ClInclude Include="ui\GameSSDWindow.h">
      <Filter>Ui</Filter>
    </ClInclude>
    <ClInclude Include="ui\GuiScript.h">
      <Filter>Ui</Filter>
    </ClInclude>
    <ClInclude Include="ui\ListGUI.h">
      <Filter>Ui</Filter>
    </ClInclude>
    <ClInclude Include="ui\ListGUILocal.h">
      <Filter>Ui</Filter>
    </ClInclude>
    <ClInclude Include="ui\ListWindow.h">
      <Filter>Ui</Filter>
    </ClInclude>
    <ClInclude Include="ui\Rectangle.h">
      <Filter>Ui</Filter>
    </ClInclude>
    <ClInclude Include="ui\RegExp.h">
      <Filter>Ui</Filter>
    </ClInclude>
    <ClInclude Include="ui\RenderWindow.h">
      <Filter>Ui</Filter>
    </ClInclude>
    <ClInclude Include="ui\SimpleWindow.h">
      <Filter>Ui</Filter>
    </ClInclude>
    <ClInclude Include="ui\SliderWindow.h">
      <Filter>Ui</Filter>
    </ClInclude>
    <ClInclude Include="ui\UserInterface.h">
      <Filter>Ui</Filter>
    </ClInclude>
    <ClInclude Include="ui\UserInterfaceLocal.h">
      <Filter>Ui</Filter>
    </ClInclude>
    <ClInclude Include="ui\Window.h">
      <Filter>Ui</Filter>
    </ClInclude>
    <ClInclude Include="ui\Winvar.h">
      <Filter>Ui</Filter>
    </ClInclude>
    <ClInclude Include="sys\LightweightCompression.h">
      <Filter>Sys</Filter>
    </ClInclude>
    <ClInclude Include="sys\PacketProcessor.h">
      <Filter>Sys</Filter>
    </ClInclude>
    <ClInclude Include="sys\Snapshot.h">
      <Filter>Sys</Filter>
    </ClInclude>
    <ClInclude Include="sys\SnapshotProcessor.h">
      <Filter>Sys</Filter>
    </ClInclude>
    <ClInclude Include="sys\Snapshot_Jobs.h">
      <Filter>Sys</Filter>
    </ClInclude>
    <ClInclude Include="sys\sys_achievements.h">
      <Filter>Sys</Filter>
    </ClInclude>
    <ClInclude Include="sys\sys_dedicated_server_search.h">
      <Filter>Sys</Filter>
    </ClInclude>
    <ClInclude Include="sys\sys_lobby.h">
      <Filter>Sys</Filter>
    </ClInclude>
    <ClInclude Include="sys\sys_lobby_backend.h">
      <Filter>Sys</Filter>
    </ClInclude>
    <ClInclude Include="sys\sys_lobby_backend_direct.h">
      <Filter>Sys</Filter>
    </ClInclude>
    <ClInclude Include="sys\sys_local.h">
      <Filter>Sys</Filter>
    </ClInclude>
    <ClInclude Include="sys\sys_localuser.h">
      <Filter>Sys</Filter>
    </ClInclude>
    <ClInclude Include="sys\sys_profile.h">
      <Filter>Sys</Filter>
    </ClInclude>
    <ClInclude Include="sys\sys_public.h">
      <Filter>Sys</Filter>
    </ClInclude>
    <ClInclude Include="sys\sys_savegame.h">
      <Filter>Sys</Filter>
    </ClInclude>
    <ClInclude Include="sys\sys_session.h">
      <Filter>Sys</Filter>
    </ClInclude>
    <ClInclude Include="sys\sys_session_local.h">
      <Filter>Sys</Filter>
    </ClInclude>
    <ClInclude Include="sys\sys_session_savegames.h">
      <Filter>Sys</Filter>
    </ClInclude>
    <ClInclude Include="sys\sys_signin.h">
      <Filter>Sys</Filter>
    </ClInclude>
    <ClInclude Include="sys\sys_stats.h">
      <Filter>Sys</Filter>
    </ClInclude>
    <ClInclude Include="sys\sys_stats_misc.h">
      <Filter>Sys</Filter>
    </ClInclude>
    <ClInclude Include="sys\sys_voicechat.h">
      <Filter>Sys</Filter>
    </ClInclude>
    <ClInclude Include="sys\win32\win_input.h">
      <Filter>Sys\Win32</Filter>
    </ClInclude>
    <ClInclude Include="sys\win32\win_achievements.h">
      <Filter>Sys\Win32</Filter>
    </ClInclude>
    <ClInclude Include="sys\win32\win_local.h">
      <Filter>Sys\Win32</Filter>
    </ClInclude>
    <ClInclude Include="sys\win32\win_localuser.h">
      <Filter>Sys\Win32</Filter>
    </ClInclude>
    <ClInclude Include="sys\win32\win_signin.h">
      <Filter>Sys\Win32</Filter>
    </ClInclude>
    <ClInclude Include="swf\SWF.h">
      <Filter>SWF</Filter>
    </ClInclude>
    <ClInclude Include="swf\SWF_Bitstream.h">
      <Filter>SWF</Filter>
    </ClInclude>
    <ClInclude Include="swf\SWF_Enums.h">
      <Filter>SWF</Filter>
    </ClInclude>
    <ClInclude Include="swf\SWF_ParmList.h">
      <Filter>SWF</Filter>
    </ClInclude>
    <ClInclude Include="swf\SWF_ScriptFunction.h">
      <Filter>SWF</Filter>
    </ClInclude>
    <ClInclude Include="swf\SWF_ScriptObject.h">
      <Filter>SWF</Filter>
    </ClInclude>
    <ClInclude Include="swf\SWF_ScriptVar.h">
      <Filter>SWF</Filter>
    </ClInclude>
    <ClInclude Include="swf\SWF_ShapeParser.h">
      <Filter>SWF</Filter>
    </ClInclude>
    <ClInclude Include="swf\SWF_SpriteInstance.h">
      <Filter>SWF</Filter>
    </ClInclude>
    <ClInclude Include="swf\SWF_Sprites.h">
      <Filter>SWF</Filter>
    </ClInclude>
    <ClInclude Include="swf\SWF_TextInstance.h">
      <Filter>SWF</Filter>
    </ClInclude>
    <ClInclude Include="swf\SWF_Types.h">
      <Filter>SWF</Filter>
    </ClInclude>
    <ClInclude Include="sound\snd_local.h">
      <Filter>Sound</Filter>
    </ClInclude>
    <ClInclude Include="sound\sound.h">
      <Filter>Sound</Filter>
    </ClInclude>
    <ClInclude Include="sound\SoundVoice.h">
      <Filter>Sound</Filter>
    </ClInclude>
    <ClInclude Include="sound\WaveFile.h">
      <Filter>Sound</Filter>
    </ClInclude>
    <ClInclude Include="sound\XAudio2\XA2_SoundHardware.h">
      <Filter>Sound\XAudio2</Filter>
    </ClInclude>
    <ClInclude Include="sound\XAudio2\XA2_SoundSample.h">
      <Filter>Sound\XAudio2</Filter>
    </ClInclude>
    <ClInclude Include="sound\XAudio2\XA2_SoundVoice.h">
      <Filter>Sound\XAudio2</Filter>
    </ClInclude>
    <ClInclude Include="renderer\BinaryImage.h">
      <Filter>Renderer</Filter>
    </ClInclude>
    <ClInclude Include="renderer\BinaryImageData.h">
      <Filter>Renderer</Filter>
    </ClInclude>
    <ClInclude Include="renderer\BufferObject.h">
      <Filter>Renderer</Filter>
    </ClInclude>
    <ClInclude Include="renderer\Cinematic.h">
      <Filter>Renderer</Filter>
    </ClInclude>
    <ClInclude Include="renderer\Font.h">
      <Filter>Renderer</Filter>
    </ClInclude>
    <ClInclude Include="renderer\GLMatrix.h">
      <Filter>Renderer</Filter>
    </ClInclude>
    <ClInclude Include="renderer\GLState.h">
      <Filter>Renderer</Filter>
    </ClInclude>
    <ClInclude Include="renderer\GuiModel.h">
      <Filter>Renderer</Filter>
    </ClInclude>
    <ClInclude Include="renderer\Image.h">
      <Filter>Renderer</Filter>
    </ClInclude>
    <ClInclude Include="renderer\Interaction.h">
      <Filter>Renderer</Filter>
    </ClInclude>
    <ClInclude Include="renderer\Material.h">
      <Filter>Renderer</Filter>
    </ClInclude>
    <ClInclude Include="renderer\Model.h">
      <Filter>Renderer</Filter>
    </ClInclude>
    <ClInclude Include="renderer\Model_ase.h">
      <Filter>Renderer</Filter>
    </ClInclude>
    <ClInclude Include="renderer\Model_local.h">
      <Filter>Renderer</Filter>
    </ClInclude>
    <ClInclude Include="renderer\Model_lwo.h">
      <Filter>Renderer</Filter>
    </ClInclude>
    <ClInclude Include="renderer\Model_ma.h">
      <Filter>Renderer</Filter>
    </ClInclude>
    <ClInclude Include="renderer\Model_md3.h">
      <Filter>Renderer</Filter>
    </ClInclude>
    <ClInclude Include="renderer\ModelDecal.h">
      <Filter>Renderer</Filter>
    </ClInclude>
    <ClInclude Include="renderer\ModelManager.h">
      <Filter>Renderer</Filter>
    </ClInclude>
    <ClInclude Include="renderer\ModelOverlay.h">
      <Filter>Renderer</Filter>
    </ClInclude>
    <ClInclude Include="renderer\RenderLog.h">
      <Filter>Renderer</Filter>
    </ClInclude>
    <ClInclude Include="renderer\RenderProgs.h">
      <Filter>Renderer</Filter>
    </ClInclude>
    <ClInclude Include="renderer\RenderSystem.h">
      <Filter>Renderer</Filter>
    </ClInclude>
    <ClInclude Include="renderer\RenderTexture.h">
      <Filter>Renderer</Filter>
    </ClInclude>
    <ClInclude Include="renderer\RenderWorld.h">
      <Filter>Renderer</Filter>
    </ClInclude>
    <ClInclude Include="renderer\ResolutionScale.h">
      <Filter>Renderer</Filter>
    </ClInclude>
    <ClInclude Include="renderer\ScreenRect.h">
      <Filter>Renderer</Filter>
    </ClInclude>
    <ClInclude Include="renderer\simplex.h">
      <Filter>Renderer</Filter>
    </ClInclude>
    <ClInclude Include="renderer\RenderSystem_local.h">
      <Filter>Renderer</Filter>
    </ClInclude>
    <ClInclude Include="renderer\VertexCache.h">
      <Filter>Renderer</Filter>
    </ClInclude>
    <ClInclude Include="renderer\DXT\DXTCodec.h">
      <Filter>Renderer\DXT</Filter>
    </ClInclude>
    <ClInclude Include="renderer\Color\ColorSpace.h">
      <Filter>Renderer\Color</Filter>
    </ClInclude>
    <ClInclude Include="renderer\jobs\ShadowShared.h">
      <Filter>Renderer\Jobs</Filter>
    </ClInclude>
    <ClInclude Include="framework\BuildVersion.h">
      <Filter>Framework</Filter>
    </ClInclude>
    <ClInclude Include="framework\Common.h">
      <Filter>Framework</Filter>
    </ClInclude>
    <ClInclude Include="framework\Common_dialog.h">
      <Filter>Framework</Filter>
    </ClInclude>
    <ClInclude Include="framework\Common_local.h">
      <Filter>Framework</Filter>
    </ClInclude>
    <ClInclude Include="framework\Compressor.h">
      <Filter>Framework</Filter>
    </ClInclude>
    <ClInclude Include="framework\Console.h">
      <Filter>Framework</Filter>
    </ClInclude>
    <ClInclude Include="framework\ConsoleHistory.h">
      <Filter>Framework</Filter>
    </ClInclude>
    <ClInclude Include="framework\DebugGraph.h">
      <Filter>Framework</Filter>
    </ClInclude>
    <ClInclude Include="framework\EditField.h">
      <Filter>Framework</Filter>
    </ClInclude>
    <ClInclude Include="framework\EventLoop.h">
      <Filter>Framework</Filter>
    </ClInclude>
    <ClInclude Include="framework\FileSystem.h">
      <Filter>Framework</Filter>
    </ClInclude>
    <ClInclude Include="framework\File_Manifest.h">
      <Filter>Framework</Filter>
    </ClInclude>
    <ClInclude Include="framework\File_Resource.h">
      <Filter>Framework</Filter>
    </ClInclude>
    <ClInclude Include="framework\File_SaveGame.h">
      <Filter>Framework</Filter>
    </ClInclude>
    <ClInclude Include="framework\KeyInput.h">
      <Filter>Framework</Filter>
    </ClInclude>
    <ClInclude Include="framework\Licensee.h">
      <Filter>Framework</Filter>
    </ClInclude>
    <ClInclude Include="framework\PlayerProfile.h">
      <Filter>Framework</Filter>
    </ClInclude>
    <ClInclude Include="framework\Serializer.h">
      <Filter>Framework</Filter>
    </ClInclude>
    <ClInclude Include="framework\TokenParser.h">
      <Filter>Framework</Filter>
    </ClInclude>
    <ClInclude Include="framework\UsercmdGen.h">
      <Filter>Framework</Filter>
    </ClInclude>
    <ClInclude Include="framework\DeclAF.h">
      <Filter>Framework\Decls</Filter>
    </ClInclude>
    <ClInclude Include="framework\DeclEntityDef.h">
      <Filter>Framework\Decls</Filter>
    </ClInclude>
    <ClInclude Include="framework\DeclFX.h">
      <Filter>Framework\Decls</Filter>
    </ClInclude>
    <ClInclude Include="framework\DeclManager.h">
      <Filter>Framework\Decls</Filter>
    </ClInclude>
    <ClInclude Include="framework\DeclParticle.h">
      <Filter>Framework\Decls</Filter>
    </ClInclude>
    <ClInclude Include="framework\DeclPDA.h">
      <Filter>Framework\Decls</Filter>
    </ClInclude>
    <ClInclude Include="framework\DeclSkin.h">
      <Filter>Framework\Decls</Filter>
    </ClInclude>
    <ClInclude Include="framework\DeclTable.h">
      <Filter>Framework\Decls</Filter>
    </ClInclude>
    <ClInclude Include="cm\CollisionModel.h">
      <Filter>CM</Filter>
    </ClInclude>
    <ClInclude Include="cm\CollisionModel_local.h">
      <Filter>CM</Filter>
    </ClInclude>
    <ClInclude Include="aas\AASFile.h">
      <Filter>AAS</Filter>
    </ClInclude>
    <ClInclude Include="aas\AASFileManager.h">
      <Filter>AAS</Filter>
    </ClInclude>
    <ClInclude Include="aas\AASFile_local.h">
      <Filter>AAS</Filter>
    </ClInclude>
    <ClInclude Include="renderer\RenderCommon.h">
      <Filter>Renderer</Filter>
    </ClInclude>
    <ClInclude Include="renderer\RenderBackend.h">
      <Filter>Renderer</Filter>
    </ClInclude>
    <ClInclude Include="renderer\Vulkan\qvk.h">
      <Filter>Renderer\Vulkan</Filter>
    </ClInclude>
    <ClInclude Include="renderer\RenderConfig.h">
      <Filter>Renderer</Filter>
    </ClInclude>
    <ClInclude Include="renderer\Vulkan\Allocator_VK.h">
      <Filter>Renderer\Vulkan</Filter>
    </ClInclude>
    <ClInclude Include="renderer\Vulkan\Staging_VK.h">
      <Filter>Renderer\Vulkan</Filter>
    </ClInclude>
    <ClInclude Include="renderer\Vulkan\vma.h">
      <Filter>Renderer\Vulkan</Filter>
    </ClInclude>
    <ClInclude Include="framework\File.h">
      <Filter>Framework</Filter>
    </ClInclude>
    <ClInclude Include="framework\Unzip.h">
      <Filter>Framework</Filter>
    </ClInclude>
    <ClInclude Include="framework\Zip.h">
      <Filter>Framework</Filter>
    </ClInclude>
    <ClInclude Include="framework\CmdSystem.h">
      <Filter>Framework</Filter>
    </ClInclude>
    <ClInclude Include="framework\CVarSystem.h">
      <Filter>Framework</Filter>
    </ClInclude>
    <ClInclude Include="framework\precompiled.h">
      <Filter>Framework</Filter>
    </ClInclude>
    <ClInclude Include="renderer\jobs\staticshadowvolume\StaticShadowVolume.h">
      <Filter>Renderer\Jobs\StaticShadowVolume</Filter>
    </ClInclude>
    <ClInclude Include="renderer\jobs\prelightshadowvolume\PreLightShadowVolume.h">
      <Filter>Renderer\Jobs\PreLightShadowVolume</Filter>
    </ClInclude>
    <ClInclude Include="renderer\jobs\dynamicshadowvolume\DynamicShadowVolume.h">
      <Filter>Renderer\Jobs\DynamicShadowVolume</Filter>
    </ClInclude>
    <ClInclude Include="renderer\RenderContext.h">
      <Filter>Renderer</Filter>
    </ClInclude>
  </ItemGroup>
</Project>